
Microsoft Visual Studio Solution File, Format Version 12.00
# Visual Studio 14
VisualStudioVersion = 14.0.25123.0
MinimumVisualStudioVersion = 10.0.40219.1
Project("{FAE04EC0-301F-11D3-BF4B-00C04F79EFBC}") = "AppDemo.Core", "AppDemo.Core\AppDemo.Core.csproj", "{6A1374E8-46C5-4560-ADF1-0F26F96D7158}"
EndProject
Project("{FAE04EC0-301F-11D3-BF4B-00C04F79EFBC}") = "AppDemo.Api", "AppDemo.Api\AppDemo.Api.csproj", "{CC755D37-29D7-4B75-9F45-BE39D6D9353E}"
EndProject
Project("{E24C65DC-7377-472B-9ABA-BC803B73C61A}") = "AppDemo.WebUI", "AppDemo.WebUI\", "{0876DECA-A7B7-4C58-ADFE-9653DBFCEF3F}"
	ProjectSection(WebsiteProperties) = preProject
		TargetFrameworkMoniker = ".NETFramework,Version%3Dv4.0"
		Debug.AspNetCompiler.VirtualPath = "/localhost_62346"
		Debug.AspNetCompiler.PhysicalPath = "AppDemo.WebUI\"
		Debug.AspNetCompiler.TargetPath = "PrecompiledWeb\localhost_62346\"
		Debug.AspNetCompiler.Updateable = "true"
		Debug.AspNetCompiler.ForceOverwrite = "true"
		Debug.AspNetCompiler.FixedNames = "false"
		Debug.AspNetCompiler.Debug = "True"
		Release.AspNetCompiler.VirtualPath = "/localhost_62346"
		Release.AspNetCompiler.PhysicalPath = "AppDemo.WebUI\"
		Release.AspNetCompiler.TargetPath = "PrecompiledWeb\localhost_62346\"
		Release.AspNetCompiler.Updateable = "true"
		Release.AspNetCompiler.ForceOverwrite = "true"
		Release.AspNetCompiler.FixedNames = "false"
		Release.AspNetCompiler.Debug = "False"
		VWDPort = "62346"
		SlnRelativePath = "AppDemo.WebUI\"
	EndProjectSection
EndProject
Global
	GlobalSection(SolutionConfigurationPlatforms) = preSolution
		Debug|Any CPU = Debug|Any CPU
		Release|Any CPU = Release|Any CPU
	EndGlobalSection
	GlobalSection(ProjectConfigurationPlatforms) = postSolution
		{6A1374E8-46C5-4560-ADF1-0F26F96D7158}.Debug|Any CPU.ActiveCfg = Debug|Any CPU
		{6A1374E8-46C5-4560-ADF1-0F26F96D7158}.Debug|Any CPU.Build.0 = Debug|Any CPU
		{6A1374E8-46C5-4560-ADF1-0F26F96D7158}.Release|Any CPU.ActiveCfg = Release|Any CPU
		{6A1374E8-46C5-4560-ADF1-0F26F96D7158}.Release|Any CPU.Build.0 = Release|Any CPU
		{CC755D37-29D7-4B75-9F45-BE39D6D9353E}.Debug|Any CPU.ActiveCfg = Debug|Any CPU
		{CC755D37-29D7-4B75-9F45-BE39D6D9353E}.Debug|Any CPU.Build.0 = Debug|Any CPU
		{CC755D37-29D7-4B75-9F45-BE39D6D9353E}.Release|Any CPU.ActiveCfg = Release|Any CPU
		{CC755D37-29D7-4B75-9F45-BE39D6D9353E}.Release|Any CPU.Build.0 = Release|Any CPU
		{0876DECA-A7B7-4C58-ADFE-9653DBFCEF3F}.Debug|Any CPU.ActiveCfg = Debug|Any CPU
		{0876DECA-A7B7-4C58-ADFE-9653DBFCEF3F}.Debug|Any CPU.Build.0 = Debug|Any CPU
		{0876DECA-A7B7-4C58-ADFE-9653DBFCEF3F}.Release|Any CPU.ActiveCfg = Debug|Any CPU
		{0876DECA-A7B7-4C58-ADFE-9653DBFCEF3F}.Release|Any CPU.Build.0 = Debug|Any CPU
	EndGlobalSection
	GlobalSection(SolutionProperties) = preSolution
		HideSolutionNode = FALSE
	EndGlobalSection
EndGlobal
